
Microsoft Visual Studio Solution File, Format Version 12.00
# Visual Studio Version 17
VisualStudioVersion = 17.5.002.0
MinimumVisualStudioVersion = 10.0.40219.1
Project("{9A19103F-16F7-4668-BE54-9A1E7A4F7556}") = "Generador de Contraseñas Aleatorias", "Generador de Contraseñas Aleatorias.csproj", "{82F06951-9CD1-4E69-AF1B-55C45F5447CC}"
EndProject
Global
	GlobalSection(SolutionConfigurationPlatforms) = preSolution
		Debug|Any CPU = Debug|Any CPU
		Release|Any CPU = Release|Any CPU
	EndGlobalSection
	GlobalSection(ProjectConfigurationPlatforms) = postSolution
		{82F06951-9CD1-4E69-AF1B-55C45F5447CC}.Debug|Any CPU.ActiveCfg = Debug|Any CPU
		{82F06951-9CD1-4E69-AF1B-55C45F5447CC}.Debug|Any CPU.Build.0 = Debug|Any CPU
		{82F06951-9CD1-4E69-AF1B-55C45F5447CC}.Release|Any CPU.ActiveCfg = Release|Any CPU
		{82F06951-9CD1-4E69-AF1B-55C45F5447CC}.Release|Any CPU.Build.0 = Release|Any CPU
	EndGlobalSection
	GlobalSection(SolutionProperties) = preSolution
		HideSolutionNode = FALSE
	EndGlobalSection
	GlobalSection(ExtensibilityGlobals) = postSolution
		SolutionGuid = {6D7A2541-D428-48B4-8DE8-70305933CFD8}
	EndGlobalSection
EndGlobal
